
Microsoft Visual Studio Solution File, Format Version 12.00
# Visual Studio 15
Project("{FAE04EC0-301F-11D3-BF4B-00C04F79EFBC}") = "Assembly-CSharp", "Assembly-CSharp.csproj", "{EA13A2B8-4A83-4D7B-A14B-63D6E2E75012}"
EndProject
Project("{FAE04EC0-301F-11D3-BF4B-00C04F79EFBC}") = "Assembly-CSharp-Editor", "Assembly-CSharp-Editor.csproj", "{BDE5FC18-FD7C-D00E-9D5D-08EBC2EA7D9F}"
EndProject
Global
	GlobalSection(SolutionConfigurationPlatforms) = preSolution
		Debug|Any CPU = Debug|Any CPU
		Release|Any CPU = Release|Any CPU
	EndGlobalSection
	GlobalSection(ProjectConfigurationPlatforms) = postSolution
		{EA13A2B8-4A83-4D7B-A14B-63D6E2E75012}.Debug|Any CPU.ActiveCfg = Debug|Any CPU
		{EA13A2B8-4A83-4D7B-A14B-63D6E2E75012}.Debug|Any CPU.Build.0 = Debug|Any CPU
		{EA13A2B8-4A83-4D7B-A14B-63D6E2E75012}.Release|Any CPU.ActiveCfg = Release|Any CPU
		{EA13A2B8-4A83-4D7B-A14B-63D6E2E75012}.Release|Any CPU.Build.0 = Release|Any CPU
		{BDE5FC18-FD7C-D00E-9D5D-08EBC2EA7D9F}.Debug|Any CPU.ActiveCfg = Debug|Any CPU
		{BDE5FC18-FD7C-D00E-9D5D-08EBC2EA7D9F}.Debug|Any CPU.Build.0 = Debug|Any CPU
		{BDE5FC18-FD7C-D00E-9D5D-08EBC2EA7D9F}.Release|Any CPU.ActiveCfg = Release|Any CPU
		{BDE5FC18-FD7C-D00E-9D5D-08EBC2EA7D9F}.Release|Any CPU.Build.0 = Release|Any CPU
	EndGlobalSection
	GlobalSection(SolutionProperties) = preSolution
		HideSolutionNode = FALSE
	EndGlobalSection
EndGlobal
